
Microsoft Visual Studio Solution File, Format Version 12.00
# Visual Studio Version 16
VisualStudioVersion = 16.0.31729.503
MinimumVisualStudioVersion = 10.0.40219.1
Project("{9A19103F-16F7-4668-BE54-9A1E7A4F7556}") = "TesteMVC", "TesteMVC\TesteMVC.csproj", "{98AD3D7F-D318-4566-9945-55D02284A75B}"
EndProject
Project("{9A19103F-16F7-4668-BE54-9A1E7A4F7556}") = "TesteAPI", "TesteAPI\TesteAPI.csproj", "{9CB613A2-EF88-4BB7-AAAD-2BE2F6FCF4A6}"
EndProject
Project("{FAE04EC0-301F-11D3-BF4B-00C04F79EFBC}") = "Test", "Test\Test.csproj", "{EB9A3F91-F2CD-4069-8DF5-E52E07DF833C}"
EndProject
Global
	GlobalSection(SolutionConfigurationPlatforms) = preSolution
		Debug|Any CPU = Debug|Any CPU
		Release|Any CPU = Release|Any CPU
	EndGlobalSection
	GlobalSection(ProjectConfigurationPlatforms) = postSolution
		{98AD3D7F-D318-4566-9945-55D02284A75B}.Debug|Any CPU.ActiveCfg = Debug|Any CPU
		{98AD3D7F-D318-4566-9945-55D02284A75B}.Debug|Any CPU.Build.0 = Debug|Any CPU
		{98AD3D7F-D318-4566-9945-55D02284A75B}.Release|Any CPU.ActiveCfg = Release|Any CPU
		{98AD3D7F-D318-4566-9945-55D02284A75B}.Release|Any CPU.Build.0 = Release|Any CPU
		{9CB613A2-EF88-4BB7-AAAD-2BE2F6FCF4A6}.Debug|Any CPU.ActiveCfg = Debug|Any CPU
		{9CB613A2-EF88-4BB7-AAAD-2BE2F6FCF4A6}.Debug|Any CPU.Build.0 = Debug|Any CPU
		{9CB613A2-EF88-4BB7-AAAD-2BE2F6FCF4A6}.Release|Any CPU.ActiveCfg = Release|Any CPU
		{9CB613A2-EF88-4BB7-AAAD-2BE2F6FCF4A6}.Release|Any CPU.Build.0 = Release|Any CPU
		{EB9A3F91-F2CD-4069-8DF5-E52E07DF833C}.Debug|Any CPU.ActiveCfg = Debug|Any CPU
		{EB9A3F91-F2CD-4069-8DF5-E52E07DF833C}.Debug|Any CPU.Build.0 = Debug|Any CPU
		{EB9A3F91-F2CD-4069-8DF5-E52E07DF833C}.Release|Any CPU.ActiveCfg = Release|Any CPU
		{EB9A3F91-F2CD-4069-8DF5-E52E07DF833C}.Release|Any CPU.Build.0 = Release|Any CPU
	EndGlobalSection
	GlobalSection(SolutionProperties) = preSolution
		HideSolutionNode = FALSE
	EndGlobalSection
	GlobalSection(ExtensibilityGlobals) = postSolution
		SolutionGuid = {A1F0F718-DB7B-43A1-BEFB-6106EAA9A272}
	EndGlobalSection
EndGlobal
